
Microsoft Visual Studio Solution File, Format Version 12.00
# Visual Studio Version 16
VisualStudioVersion = 16.0.30204.135
MinimumVisualStudioVersion = 10.0.40219.1
Project("{9A19103F-16F7-4668-BE54-9A1E7A4F7556}") = "TciPM.Blazor.Server", "Server\TciPM.Blazor.Server.csproj", "{463998D0-C0DB-47FF-BEFD-B52C1249738F}"
EndProject
Project("{9A19103F-16F7-4668-BE54-9A1E7A4F7556}") = "TciPM.Blazor.Client", "Client\TciPM.Blazor.Client.csproj", "{C7E7A807-EE23-473F-A206-A10267553A40}"
EndProject
Project("{9A19103F-16F7-4668-BE54-9A1E7A4F7556}") = "TciPM.Blazor.Shared", "Shared\TciPM.Blazor.Shared.csproj", "{1C47C7BA-FF23-4D49-9D34-AE555B83E7AB}"
EndProject
Project("{9A19103F-16F7-4668-BE54-9A1E7A4F7556}") = "AliaaCommonStandard", "..\..\AliaaCommon\AliaaCommonStandard\AliaaCommonStandard.csproj", "{07572343-F786-4713-954E-FEE4C712A7AE}"
EndProject
Project("{9A19103F-16F7-4668-BE54-9A1E7A4F7556}") = "EasyMongoNet.Definitions", "..\..\EasyMongoNet\Definitions\EasyMongoNet.Definitions.csproj", "{512B0970-C547-4ED7-8557-B9459AECE765}"
EndProject
Project("{9A19103F-16F7-4668-BE54-9A1E7A4F7556}") = "EasyMongoNet.Driver", "..\..\EasyMongoNet\Driver\EasyMongoNet.Driver.csproj", "{FBA72415-A335-4B33-8FDD-8DB581536B6D}"
EndProject
Project("{9A19103F-16F7-4668-BE54-9A1E7A4F7556}") = "TciCommon.Models", "..\TciCommon\TciCommon.Models\TciCommon.Models.csproj", "{6B34AA23-D0BB-4121-989A-26B72F318C1A}"
EndProject
Project("{9A19103F-16F7-4668-BE54-9A1E7A4F7556}") = "TciCommon.ServerUtils", "..\TciCommon\TciCommon.ServerUtils\TciCommon.ServerUtils.csproj", "{A3BD88B4-B36F-49E2-895B-2E36FABC58A4}"
EndProject
Global
	GlobalSection(SolutionConfigurationPlatforms) = preSolution
		Debug|Any CPU = Debug|Any CPU
		Release|Any CPU = Release|Any CPU
	EndGlobalSection
	GlobalSection(ProjectConfigurationPlatforms) = postSolution
		{463998D0-C0DB-47FF-BEFD-B52C1249738F}.Debug|Any CPU.ActiveCfg = Debug|Any CPU
		{463998D0-C0DB-47FF-BEFD-B52C1249738F}.Debug|Any CPU.Build.0 = Debug|Any CPU
		{463998D0-C0DB-47FF-BEFD-B52C1249738F}.Release|Any CPU.ActiveCfg = Release|Any CPU
		{463998D0-C0DB-47FF-BEFD-B52C1249738F}.Release|Any CPU.Build.0 = Release|Any CPU
		{C7E7A807-EE23-473F-A206-A10267553A40}.Debug|Any CPU.ActiveCfg = Debug|Any CPU
		{C7E7A807-EE23-473F-A206-A10267553A40}.Debug|Any CPU.Build.0 = Debug|Any CPU
		{C7E7A807-EE23-473F-A206-A10267553A40}.Release|Any CPU.ActiveCfg = Release|Any CPU
		{C7E7A807-EE23-473F-A206-A10267553A40}.Release|Any CPU.Build.0 = Release|Any CPU
		{1C47C7BA-FF23-4D49-9D34-AE555B83E7AB}.Debug|Any CPU.ActiveCfg = Debug|Any CPU
		{1C47C7BA-FF23-4D49-9D34-AE555B83E7AB}.Debug|Any CPU.Build.0 = Debug|Any CPU
		{1C47C7BA-FF23-4D49-9D34-AE555B83E7AB}.Release|Any CPU.ActiveCfg = Release|Any CPU
		{1C47C7BA-FF23-4D49-9D34-AE555B83E7AB}.Release|Any CPU.Build.0 = Release|Any CPU
		{07572343-F786-4713-954E-FEE4C712A7AE}.Debug|Any CPU.ActiveCfg = Debug|Any CPU
		{07572343-F786-4713-954E-FEE4C712A7AE}.Debug|Any CPU.Build.0 = Debug|Any CPU
		{07572343-F786-4713-954E-FEE4C712A7AE}.Release|Any CPU.ActiveCfg = Release|Any CPU
		{07572343-F786-4713-954E-FEE4C712A7AE}.Release|Any CPU.Build.0 = Release|Any CPU
		{512B0970-C547-4ED7-8557-B9459AECE765}.Debug|Any CPU.ActiveCfg = Debug|Any CPU
		{512B0970-C547-4ED7-8557-B9459AECE765}.Debug|Any CPU.Build.0 = Debug|Any CPU
		{512B0970-C547-4ED7-8557-B9459AECE765}.Release|Any CPU.ActiveCfg = Release|Any CPU
		{512B0970-C547-4ED7-8557-B9459AECE765}.Release|Any CPU.Build.0 = Release|Any CPU
		{FBA72415-A335-4B33-8FDD-8DB581536B6D}.Debug|Any CPU.ActiveCfg = Debug|Any CPU
		{FBA72415-A335-4B33-8FDD-8DB581536B6D}.Debug|Any CPU.Build.0 = Debug|Any CPU
		{FBA72415-A335-4B33-8FDD-8DB581536B6D}.Release|Any CPU.ActiveCfg = Release|Any CPU
		{FBA72415-A335-4B33-8FDD-8DB581536B6D}.Release|Any CPU.Build.0 = Release|Any CPU
		{6B34AA23-D0BB-4121-989A-26B72F318C1A}.Debug|Any CPU.ActiveCfg = Debug|Any CPU
		{6B34AA23-D0BB-4121-989A-26B72F318C1A}.Debug|Any CPU.Build.0 = Debug|Any CPU
		{6B34AA23-D0BB-4121-989A-26B72F318C1A}.Release|Any CPU.ActiveCfg = Release|Any CPU
		{6B34AA23-D0BB-4121-989A-26B72F318C1A}.Release|Any CPU.Build.0 = Release|Any CPU
		{A3BD88B4-B36F-49E2-895B-2E36FABC58A4}.Debug|Any CPU.ActiveCfg = Debug|Any CPU
		{A3BD88B4-B36F-49E2-895B-2E36FABC58A4}.Debug|Any CPU.Build.0 = Debug|Any CPU
		{A3BD88B4-B36F-49E2-895B-2E36FABC58A4}.Release|Any CPU.ActiveCfg = Release|Any CPU
		{A3BD88B4-B36F-49E2-895B-2E36FABC58A4}.Release|Any CPU.Build.0 = Release|Any CPU
	EndGlobalSection
	GlobalSection(SolutionProperties) = preSolution
		HideSolutionNode = FALSE
	EndGlobalSection
	GlobalSection(ExtensibilityGlobals) = postSolution
		SolutionGuid = {14C9F481-BB73-49E0-B399-565FBF12DD69}
	EndGlobalSection
EndGlobal
